{
    "_meta": {
        "hash": {
            "sha256": "24bce4fec4ccd7c39ec2e5220167533ac84fa6142b0f63d8b59fb2cd51208e4a"
        },
        "pipfile-spec": 6,
        "requires": {
            "python_full_version": "3.9.16",
            "python_version": "3.9"
        },
        "sources": [
            {
                "name": "pypi",
                "url": "https://pypi.org/simple",
                "verify_ssl": true
            }
        ]
    },
    "default": {},
    "develop": {}
}
